
Microsoft Visual Studio Solution File, Format Version 12.00
# Visual Studio Version 17
VisualStudioVersion = 17.11.35208.52
MinimumVisualStudioVersion = 10.0.40219.1
Project("{9A19103F-16F7-4668-BE54-9A1E7A4F7556}") = "YoutubeDownloader", "JanrosMediaPlayer\YoutubeDownloader.csproj", "{0DCA6E84-93AF-43BF-923E-819350A9BA0C}"
EndProject
Global
	GlobalSection(SolutionConfigurationPlatforms) = preSolution
		Debug|Any CPU = Debug|Any CPU
		Release|Any CPU = Release|Any CPU
	EndGlobalSection
	GlobalSection(ProjectConfigurationPlatforms) = postSolution
		{0DCA6E84-93AF-43BF-923E-819350A9BA0C}.Debug|Any CPU.ActiveCfg = Debug|Any CPU
		{0DCA6E84-93AF-43BF-923E-819350A9BA0C}.Debug|Any CPU.Build.0 = Debug|Any CPU
		{0DCA6E84-93AF-43BF-923E-819350A9BA0C}.Release|Any CPU.ActiveCfg = Release|Any CPU
		{0DCA6E84-93AF-43BF-923E-819350A9BA0C}.Release|Any CPU.Build.0 = Release|Any CPU
	EndGlobalSection
	GlobalSection(SolutionProperties) = preSolution
		HideSolutionNode = FALSE
	EndGlobalSection
	GlobalSection(ExtensibilityGlobals) = postSolution
		SolutionGuid = {5688FB38-CE32-4680-BF07-28AB573A3256}
	EndGlobalSection
EndGlobal
